# This file is autogenerated, do not edit; changes may be undone by the next 'dep ensure'.


[[projects]]
  branch = "master"
  name = "github.com/alecthomas/template"
  packages = [".","parse"]
  revision = "a0175ee3bccc567396460bf5acd36800cb10c49c"

[[projects]]
  branch = "master"
  name = "github.com/alecthomas/units"
  packages = ["."]
  revision = "2efee857e7cfd4f3d0138cc3cbb1b4966962b93a"

[[projects]]
  branch = "master"
  name = "github.com/apex/log"
  packages = [".","handlers/json"]
  revision = "8f3a15d95392c8fc202d1e1059f46df21dff2992"

[[projects]]
  branch = "master"
  name = "github.com/atotto/clipboard"
  packages = ["."]
  revision = "bb272b845f1112e10117e3e45ce39f690c0001ad"

[[projects]]
  name = "github.com/aws/aws-sdk-go"
  packages = ["aws","aws/awserr","aws/awsutil","aws/client","aws/client/metadata","aws/corehandlers","aws/credentials","aws/credentials/ec2rolecreds","aws/credentials/endpointcreds","aws/credentials/stscreds","aws/defaults","aws/ec2metadata","aws/endpoints","aws/request","aws/session","aws/signer/v4","internal/shareddefaults","private/protocol","private/protocol/json/jsonutil","private/protocol/jsonrpc","private/protocol/query","private/protocol/query/queryutil","private/protocol/rest","private/protocol/xml/xmlutil","service/dynamodb","service/dynamodb/dynamodbattribute","service/sts"]
  revision = "a5a7f553e106c0b1dcbfbdaeb8774592fcc1a68a"
  version = "v1.10.6"

[[projects]]
  branch = "master"
  name = "github.com/bmizerany/pat"
  packages = ["."]
  revision = "c068ca2f0aacee5ac3681d68e4d0a003b7d1fd2c"

[[projects]]
  name = "github.com/davecgh/go-spew"
  packages = ["spew"]
  revision = "346938d642f2ec3594ed81d874461961cd0faa76"
  version = "v1.1.0"

[[projects]]
  name = "github.com/go-ini/ini"
  packages = ["."]
  revision = "d3de07a94d22b4a0972deb4b96d790c2c0ce8333"
  version = "v1.28.0"

[[projects]]
  name = "github.com/jmespath/go-jmespath"
  packages = ["."]
  revision = "3433f3ea46d9f8019119e7dd41274e112a2359a9"
  version = "0.2.2"

[[projects]]
  name = "github.com/oklog/ulid"
  packages = ["."]
  revision = "d311cb43c92434ec4072dfbbda3400741d0a6337"
  version = "v0.3.0"

[[projects]]
  name = "github.com/pkg/errors"
  packages = ["."]
  revision = "645ef00459ed84a119197bfb8d8205042c6df63d"
  version = "v0.8.0"

[[projects]]
  name = "github.com/pmezard/go-difflib"
  packages = ["difflib"]
  revision = "792786c7400a136282c1664665ae0a8db921c6c2"
  version = "v1.0.0"

[[projects]]
  name = "github.com/segmentio/go-env"
  packages = ["."]
  revision = "697cb7247f28a87557cc27361ceaa1d0e11ff565"
  version = "v1.1.0"

[[projects]]
  name = "github.com/stretchr/testify"
  packages = ["assert"]
  revision = "69483b4bd14f5845b5a1e55bca19e954e827f1d0"
  version = "v1.1.4"

[[projects]]
  branch = "master"
  name = "github.com/tj/assert"
  packages = ["."]
  revision = "748ebc778a698c0df0eb9855caf3ef677ed99471"

[[projects]]
  name = "github.com/tj/go"
  packages = ["http/response"]
  revision = "e0123f1a604cfd5f49721128fd89169ae277e181"
  version = "v1.4.0"

[[projects]]
  name = "github.com/tj/kingpin"
  packages = ["."]
  revision = "d6b8de5b4f82b66c36cdd6ca6e1361f042d35804"
  version = "v2.3.0"

[solve-meta]
  analyzer-name = "dep"
  analyzer-version = 1
  inputs-digest = "8f252a6cc95e670f8701dc5fac36ccfb894479b6f50964dbf561eeacfebf1a64"
  solver-name = "gps-cdcl"
  solver-version = 1
